{
  "name": "samples",
  "lockfileVersion": 3,
  "requires": true,
  "packages": {
    "": {
      "dependencies": {
        "rt-client": "file:rt-client-0.4.7.tgz"
      }
    },
    "node_modules/rt-client": {
      "version": "0.4.7",
      "resolved": "file:rt-client-0.4.7.tgz",
      "integrity": "sha512-tcF+MNDNdp04TCyYFlyqOR/J0HH0Gl8OGkU6qx+sTE+hohnIyjV2f/pUgmmnuOVdSWuoRyGbeDFUE46Nxbs9dA==",
      "license": "MIT",
      "dependencies": {
        "ws": "^8.18.0"
      }
    },
    "node_modules/ws": {
      "version": "8.18.1",
      "resolved": "https://registry.npmjs.org/ws/-/ws-8.18.1.tgz",
      "integrity": "sha512-RKW2aJZMXeMxVpnZ6bck+RswznaxmzdULiBr6KY7XkTnW8uvt0iT9H5DkHUChXrc+uurzwa0rVI16n/Xzjdz1w==",
      "license": "MIT",
      "engines": {
        "node": ">=10.0.0"
      },
      "peerDependencies": {
        "bufferutil": "^4.0.1",
        "utf-8-validate": ">=5.0.2"
      },
      "peerDependenciesMeta": {
        "bufferutil": {
          "optional": true
        },
        "utf-8-validate": {
          "optional": true
        }
      }
    }
  }
}
